
Microsoft Visual Studio Solution File, Format Version 12.00
# Visual Studio 15
Project("{FAE04EC0-301F-11D3-BF4B-00C04F79EFBC}") = "VectorRasterExample", "VectorRasterExample\VectorRasterExample.csproj", "{9D4921AA-8D86-44C1-B2BE-77035896A82A}"
EndProject
Project("{FAE04EC0-301F-11D3-BF4B-00C04F79EFBC}") = "AdapterDependencyInject", "AdapterDependencyInject\AdapterDependencyInject.csproj", "{051D13CE-1782-4E91-8BA3-3A367DA37F0E}"
EndProject
Project("{FAE04EC0-301F-11D3-BF4B-00C04F79EFBC}") = "GenericValueAdapter", "GenericValueAdapter\GenericValueAdapter.csproj", "{13900E29-68A1-486E-8970-15EF7D6E37B0}"
EndProject
Global
	GlobalSection(SolutionConfigurationPlatforms) = preSolution
		Debug|Any CPU = Debug|Any CPU
		Release|Any CPU = Release|Any CPU
	EndGlobalSection
	GlobalSection(ProjectConfigurationPlatforms) = postSolution
		{9D4921AA-8D86-44C1-B2BE-77035896A82A}.Debug|Any CPU.ActiveCfg = Debug|Any CPU
		{9D4921AA-8D86-44C1-B2BE-77035896A82A}.Debug|Any CPU.Build.0 = Debug|Any CPU
		{9D4921AA-8D86-44C1-B2BE-77035896A82A}.Release|Any CPU.ActiveCfg = Release|Any CPU
		{9D4921AA-8D86-44C1-B2BE-77035896A82A}.Release|Any CPU.Build.0 = Release|Any CPU
		{051D13CE-1782-4E91-8BA3-3A367DA37F0E}.Debug|Any CPU.ActiveCfg = Debug|Any CPU
		{051D13CE-1782-4E91-8BA3-3A367DA37F0E}.Debug|Any CPU.Build.0 = Debug|Any CPU
		{051D13CE-1782-4E91-8BA3-3A367DA37F0E}.Release|Any CPU.ActiveCfg = Release|Any CPU
		{051D13CE-1782-4E91-8BA3-3A367DA37F0E}.Release|Any CPU.Build.0 = Release|Any CPU
		{13900E29-68A1-486E-8970-15EF7D6E37B0}.Debug|Any CPU.ActiveCfg = Debug|Any CPU
		{13900E29-68A1-486E-8970-15EF7D6E37B0}.Debug|Any CPU.Build.0 = Debug|Any CPU
		{13900E29-68A1-486E-8970-15EF7D6E37B0}.Release|Any CPU.ActiveCfg = Release|Any CPU
		{13900E29-68A1-486E-8970-15EF7D6E37B0}.Release|Any CPU.Build.0 = Release|Any CPU
	EndGlobalSection
EndGlobal
